// !$*UTF8*$!
{
	archiveVersion = 1;
	classes = {
	};
	objectVersion = 46;
	objects = {

/* Begin PBXBuildFile section */
		7749C4CC19896765009D1F23 /* DTADecadesTableViewController.m in Sources */ = {isa = PBXBuildFile; fileRef = 7749C4CB19896765009D1F23 /* DTADecadesTableViewController.m */; };
		7749C4D219896D02009D1F23 /* DTAFilterCell.m in Sources */ = {isa = PBXBuildFile; fileRef = 7749C4D119896D02009D1F23 /* DTAFilterCell.m */; };
		7771A4321987E9AC00CD6BA8 /* CoreLocation.framework in Frameworks */ = {isa = PBXBuildFile; fileRef = 7771A4311987E9AC00CD6BA8 /* CoreLocation.framework */; };
		7771A4341987E9B100CD6BA8 /* MapKit.framework in Frameworks */ = {isa = PBXBuildFile; fileRef = 7771A4331987E9B100CD6BA8 /* MapKit.framework */; };
		7771A43C1988162600CD6BA8 /* DTADetailViewController.m in Sources */ = {isa = PBXBuildFile; fileRef = 7771A43B1988162600CD6BA8 /* DTADetailViewController.m */; };
		A42B281719892E8800DDB4F6 /* DTATableViewController.m in Sources */ = {isa = PBXBuildFile; fileRef = A42B281619892E8800DDB4F6 /* DTATableViewController.m */; };
		A48F73B5198A83E600274EB5 /* UITabBarController+hidableTab.m in Sources */ = {isa = PBXBuildFile; fileRef = A48F73B4198A83E600274EB5 /* UITabBarController+hidableTab.m */; };
		F41C72E519897B1300DD15DF /* DTACategoriesTableViewController.m in Sources */ = {isa = PBXBuildFile; fileRef = F41C72E419897B1300DD15DF /* DTACategoriesTableViewController.m */; };
		F440A71219893CBC00D057F6 /* 1970s.jpg in Resources */ = {isa = PBXBuildFile; fileRef = F440A70319893CBC00D057F6 /* 1970s.jpg */; };
		F440A71319893CBC00D057F6 /* Military.jpg in Resources */ = {isa = PBXBuildFile; fileRef = F440A70419893CBC00D057F6 /* Military.jpg */; };
		F440A71419893CBC00D057F6 /* Culture.jpg in Resources */ = {isa = PBXBuildFile; fileRef = F440A70519893CBC00D057F6 /* Culture.jpg */; };
		F440A71519893CBC00D057F6 /* 1960s.gif in Resources */ = {isa = PBXBuildFile; fileRef = F440A70619893CBC00D057F6 /* 1960s.gif */; };
		F440A71619893CBC00D057F6 /* Science.jpg in Resources */ = {isa = PBXBuildFile; fileRef = F440A70719893CBC00D057F6 /* Science.jpg */; };
		F440A71719893CBC00D057F6 /* 1920s.jpg in Resources */ = {isa = PBXBuildFile; fileRef = F440A70819893CBC00D057F6 /* 1920s.jpg */; };
		F440A71819893CBC00D057F6 /* 2000s.jpg in Resources */ = {isa = PBXBuildFile; fileRef = F440A70919893CBC00D057F6 /* 2000s.jpg */; };
		F440A71919893CBC00D057F6 /* 1950s.jpg in Resources */ = {isa = PBXBuildFile; fileRef = F440A70A19893CBC00D057F6 /* 1950s.jpg */; };
		F440A71A19893CBC00D057F6 /* 1980s.png in Resources */ = {isa = PBXBuildFile; fileRef = F440A70B19893CBC00D057F6 /* 1980s.png */; };
		F440A71B19893CBC00D057F6 /* 1940s.jpg in Resources */ = {isa = PBXBuildFile; fileRef = F440A70C19893CBC00D057F6 /* 1940s.jpg */; };
		F440A71C19893CBC00D057F6 /* 1910s.jpg in Resources */ = {isa = PBXBuildFile; fileRef = F440A70D19893CBC00D057F6 /* 1910s.jpg */; };
		F440A71D19893CBC00D057F6 /* 1990s.jpg in Resources */ = {isa = PBXBuildFile; fileRef = F440A70E19893CBC00D057F6 /* 1990s.jpg */; };
		F440A71E19893CBC00D057F6 /* 1900s.jpg in Resources */ = {isa = PBXBuildFile; fileRef = F440A70F19893CBC00D057F6 /* 1900s.jpg */; };
		F440A71F19893CBC00D057F6 /* 1930s.jpg in Resources */ = {isa = PBXBuildFile; fileRef = F440A71019893CBC00D057F6 /* 1930s.jpg */; };
		F440A72019893CBC00D057F6 /* Sports.jpg in Resources */ = {isa = PBXBuildFile; fileRef = F440A71119893CBC00D057F6 /* Sports.jpg */; };
		F440A72D1989619900D057F6 /* DowntownAlliance.xcdatamodeld in Sources */ = {isa = PBXBuildFile; fileRef = F440A72B1989619900D057F6 /* DowntownAlliance.xcdatamodeld */; };
		F440A7391989656A00D057F6 /* Theme.m in Sources */ = {isa = PBXBuildFile; fileRef = F440A7381989656A00D057F6 /* Theme.m */; };
		F440A73C1989656A00D057F6 /* Decade.m in Sources */ = {isa = PBXBuildFile; fileRef = F440A73B1989656A00D057F6 /* Decade.m */; };
		F440A74119896EBF00D057F6 /* COH_Coordinates_with_sample_data.csv in Resources */ = {isa = PBXBuildFile; fileRef = F440A74019896EBF00D057F6 /* COH_Coordinates_with_sample_data.csv */; };
		F440A7441989714F00D057F6 /* Location.m in Sources */ = {isa = PBXBuildFile; fileRef = F440A7431989714F00D057F6 /* Location.m */; };
		F47CB7161987D9CC00398293 /* Foundation.framework in Frameworks */ = {isa = PBXBuildFile; fileRef = F47CB7151987D9CC00398293 /* Foundation.framework */; };
		F47CB7181987D9CC00398293 /* CoreGraphics.framework in Frameworks */ = {isa = PBXBuildFile; fileRef = F47CB7171987D9CC00398293 /* CoreGraphics.framework */; };
		F47CB71A1987D9CC00398293 /* UIKit.framework in Frameworks */ = {isa = PBXBuildFile; fileRef = F47CB7191987D9CC00398293 /* UIKit.framework */; };
		F47CB7201987D9CC00398293 /* InfoPlist.strings in Resources */ = {isa = PBXBuildFile; fileRef = F47CB71E1987D9CC00398293 /* InfoPlist.strings */; };
		F47CB7221987D9CC00398293 /* main.m in Sources */ = {isa = PBXBuildFile; fileRef = F47CB7211987D9CC00398293 /* main.m */; };
		F47CB7261987D9CC00398293 /* DTAAppDelegate.m in Sources */ = {isa = PBXBuildFile; fileRef = F47CB7251987D9CC00398293 /* DTAAppDelegate.m */; };
		F47CB7291987D9CC00398293 /* Main.storyboard in Resources */ = {isa = PBXBuildFile; fileRef = F47CB7271987D9CC00398293 /* Main.storyboard */; };
		F47CB72C1987D9CC00398293 /* DTAMainMapViewController.m in Sources */ = {isa = PBXBuildFile; fileRef = F47CB72B1987D9CC00398293 /* DTAMainMapViewController.m */; };
		F47CB72E1987D9CC00398293 /* Images.xcassets in Resources */ = {isa = PBXBuildFile; fileRef = F47CB72D1987D9CC00398293 /* Images.xcassets */; };
		F47CB7351987D9CD00398293 /* XCTest.framework in Frameworks */ = {isa = PBXBuildFile; fileRef = F47CB7341987D9CD00398293 /* XCTest.framework */; };
		F47CB7361987D9CD00398293 /* Foundation.framework in Frameworks */ = {isa = PBXBuildFile; fileRef = F47CB7151987D9CC00398293 /* Foundation.framework */; };
		F47CB7371987D9CD00398293 /* UIKit.framework in Frameworks */ = {isa = PBXBuildFile; fileRef = F47CB7191987D9CC00398293 /* UIKit.framework */; };
		F47CB73F1987D9CD00398293 /* InfoPlist.strings in Resources */ = {isa = PBXBuildFile; fileRef = F47CB73D1987D9CD00398293 /* InfoPlist.strings */; };
		F47CB7411987D9CD00398293 /* DowntownAllianceHistoryTests.m in Sources */ = {isa = PBXBuildFile; fileRef = F47CB7401987D9CD00398293 /* DowntownAllianceHistoryTests.m */; };
		F47CB74D1987DBE300398293 /* COH_Coordinates.csv in Resources */ = {isa = PBXBuildFile; fileRef = F47CB74C1987DBE300398293 /* COH_Coordinates.csv */; };
		F47CB75A1987DE5E00398293 /* DTADataStore.m in Sources */ = {isa = PBXBuildFile; fileRef = F47CB7591987DE5E00398293 /* DTADataStore.m */; };
		F47CB7601987E09C00398293 /* DTADataFetchFromCSV.m in Sources */ = {isa = PBXBuildFile; fileRef = F47CB75F1987E09C00398293 /* DTADataFetchFromCSV.m */; };
		F47CB77F198812EF00398293 /* DTADecadesViewController.m in Sources */ = {isa = PBXBuildFile; fileRef = F47CB77E198812EF00398293 /* DTADecadesViewController.m */; };
		F4BB9A24198A922600956381 /* DTATimeRange.m in Sources */ = {isa = PBXBuildFile; fileRef = F4BB9A23198A922600956381 /* DTATimeRange.m */; };
		F4BB9A27198A969B00956381 /* DTAManageTimeRanges.m in Sources */ = {isa = PBXBuildFile; fileRef = F4BB9A26198A969B00956381 /* DTAManageTimeRanges.m */; };
/* End PBXBuildFile section */

/* Begin PBXContainerItemProxy section */
		F47CB7381987D9CD00398293 /* PBXContainerItemProxy */ = {
			isa = PBXContainerItemProxy;
			containerPortal = F47CB70A1987D9CC00398293 /* Project object */;
			proxyType = 1;
			remoteGlobalIDString = F47CB7111987D9CC00398293;
			remoteInfo = DowntownAllianceHistory;
		};
/* End PBXContainerItemProxy section */

/* Begin PBXFileReference section */
		7749C4CA19896765009D1F23 /* DTADecadesTableViewController.h */ = {isa = PBXFileReference; fileEncoding = 4; lastKnownFileType = sourcecode.c.h; path = DTADecadesTableViewController.h; sourceTree = "<group>"; };
		7749C4CB19896765009D1F23 /* DTADecadesTableViewController.m */ = {isa = PBXFileReference; fileEncoding = 4; lastKnownFileType = sourcecode.c.objc; path = DTADecadesTableViewController.m; sourceTree = "<group>"; };
		7749C4D019896D02009D1F23 /* DTAFilterCell.h */ = {isa = PBXFileReference; fileEncoding = 4; lastKnownFileType = sourcecode.c.h; path = DTAFilterCell.h; sourceTree = "<group>"; };
		7749C4D119896D02009D1F23 /* DTAFilterCell.m */ = {isa = PBXFileReference; fileEncoding = 4; lastKnownFileType = sourcecode.c.objc; path = DTAFilterCell.m; sourceTree = "<group>"; };
		7771A4311987E9AC00CD6BA8 /* CoreLocation.framework */ = {isa = PBXFileReference; lastKnownFileType = wrapper.framework; name = CoreLocation.framework; path = System/Library/Frameworks/CoreLocation.framework; sourceTree = SDKROOT; };
		7771A4331987E9B100CD6BA8 /* MapKit.framework */ = {isa = PBXFileReference; lastKnownFileType = wrapper.framework; name = MapKit.framework; path = System/Library/Frameworks/MapKit.framework; sourceTree = SDKROOT; };
		7771A43A1988162600CD6BA8 /* DTADetailViewController.h */ = {isa = PBXFileReference; fileEncoding = 4; lastKnownFileType = sourcecode.c.h; path = DTADetailViewController.h; sourceTree = "<group>"; };
		7771A43B1988162600CD6BA8 /* DTADetailViewController.m */ = {isa = PBXFileReference; fileEncoding = 4; lastKnownFileType = sourcecode.c.objc; path = DTADetailViewController.m; sourceTree = "<group>"; };
		A42B281519892E8800DDB4F6 /* DTATableViewController.h */ = {isa = PBXFileReference; fileEncoding = 4; lastKnownFileType = sourcecode.c.h; path = DTATableViewController.h; sourceTree = "<group>"; };
		A42B281619892E8800DDB4F6 /* DTATableViewController.m */ = {isa = PBXFileReference; fileEncoding = 4; lastKnownFileType = sourcecode.c.objc; path = DTATableViewController.m; sourceTree = "<group>"; };
		A48F73B3198A83E600274EB5 /* UITabBarController+hidableTab.h */ = {isa = PBXFileReference; fileEncoding = 4; lastKnownFileType = sourcecode.c.h; name = "UITabBarController+hidableTab.h"; path = "../../../Documents/UITabBarController+hidableTab.h"; sourceTree = "<group>"; };
		A48F73B4198A83E600274EB5 /* UITabBarController+hidableTab.m */ = {isa = PBXFileReference; fileEncoding = 4; lastKnownFileType = sourcecode.c.objc; name = "UITabBarController+hidableTab.m"; path = "../../../Documents/UITabBarController+hidableTab.m"; sourceTree = "<group>"; };
		F41C72E319897B1300DD15DF /* DTACategoriesTableViewController.h */ = {isa = PBXFileReference; fileEncoding = 4; lastKnownFileType = sourcecode.c.h; path = DTACategoriesTableViewController.h; sourceTree = "<group>"; };
		F41C72E419897B1300DD15DF /* DTACategoriesTableViewController.m */ = {isa = PBXFileReference; fileEncoding = 4; lastKnownFileType = sourcecode.c.objc; path = DTACategoriesTableViewController.m; sourceTree = "<group>"; };
		F440A70319893CBC00D057F6 /* 1970s.jpg */ = {isa = PBXFileReference; lastKnownFileType = image.jpeg; path = 1970s.jpg; sourceTree = "<group>"; };
		F440A70419893CBC00D057F6 /* Military.jpg */ = {isa = PBXFileReference; lastKnownFileType = image.jpeg; path = Military.jpg; sourceTree = "<group>"; };
		F440A70519893CBC00D057F6 /* Culture.jpg */ = {isa = PBXFileReference; lastKnownFileType = image.jpeg; path = Culture.jpg; sourceTree = "<group>"; };
		F440A70619893CBC00D057F6 /* 1960s.gif */ = {isa = PBXFileReference; lastKnownFileType = image.gif; path = 1960s.gif; sourceTree = "<group>"; };
		F440A70719893CBC00D057F6 /* Science.jpg */ = {isa = PBXFileReference; lastKnownFileType = image.jpeg; path = Science.jpg; sourceTree = "<group>"; };
		F440A70819893CBC00D057F6 /* 1920s.jpg */ = {isa = PBXFileReference; lastKnownFileType = image.jpeg; path = 1920s.jpg; sourceTree = "<group>"; };
		F440A70919893CBC00D057F6 /* 2000s.jpg */ = {isa = PBXFileReference; lastKnownFileType = image.jpeg; path = 2000s.jpg; sourceTree = "<group>"; };
		F440A70A19893CBC00D057F6 /* 1950s.jpg */ = {isa = PBXFileReference; lastKnownFileType = image.jpeg; path = 1950s.jpg; sourceTree = "<group>"; };
		F440A70B19893CBC00D057F6 /* 1980s.png */ = {isa = PBXFileReference; lastKnownFileType = image.png; path = 1980s.png; sourceTree = "<group>"; };
		F440A70C19893CBC00D057F6 /* 1940s.jpg */ = {isa = PBXFileReference; lastKnownFileType = image.jpeg; path = 1940s.jpg; sourceTree = "<group>"; };
		F440A70D19893CBC00D057F6 /* 1910s.jpg */ = {isa = PBXFileReference; lastKnownFileType = image.jpeg; path = 1910s.jpg; sourceTree = "<group>"; };
		F440A70E19893CBC00D057F6 /* 1990s.jpg */ = {isa = PBXFileReference; lastKnownFileType = image.jpeg; path = 1990s.jpg; sourceTree = "<group>"; };
		F440A70F19893CBC00D057F6 /* 1900s.jpg */ = {isa = PBXFileReference; lastKnownFileType = image.jpeg; path = 1900s.jpg; sourceTree = "<group>"; };
		F440A71019893CBC00D057F6 /* 1930s.jpg */ = {isa = PBXFileReference; lastKnownFileType = image.jpeg; path = 1930s.jpg; sourceTree = "<group>"; };
		F440A71119893CBC00D057F6 /* Sports.jpg */ = {isa = PBXFileReference; lastKnownFileType = image.jpeg; path = Sports.jpg; sourceTree = "<group>"; };
		F440A72C1989619900D057F6 /* DowntownAlliance.xcdatamodel */ = {isa = PBXFileReference; lastKnownFileType = wrapper.xcdatamodel; path = DowntownAlliance.xcdatamodel; sourceTree = "<group>"; };
		F440A7371989656A00D057F6 /* Theme.h */ = {isa = PBXFileReference; fileEncoding = 4; lastKnownFileType = sourcecode.c.h; path = Theme.h; sourceTree = "<group>"; };
		F440A7381989656A00D057F6 /* Theme.m */ = {isa = PBXFileReference; fileEncoding = 4; lastKnownFileType = sourcecode.c.objc; path = Theme.m; sourceTree = "<group>"; };
		F440A73A1989656A00D057F6 /* Decade.h */ = {isa = PBXFileReference; fileEncoding = 4; lastKnownFileType = sourcecode.c.h; path = Decade.h; sourceTree = "<group>"; };
		F440A73B1989656A00D057F6 /* Decade.m */ = {isa = PBXFileReference; fileEncoding = 4; lastKnownFileType = sourcecode.c.objc; path = Decade.m; sourceTree = "<group>"; };
		F440A74019896EBF00D057F6 /* COH_Coordinates_with_sample_data.csv */ = {isa = PBXFileReference; fileEncoding = 4; lastKnownFileType = text; path = COH_Coordinates_with_sample_data.csv; sourceTree = "<group>"; };
		F440A7421989714F00D057F6 /* Location.h */ = {isa = PBXFileReference; fileEncoding = 4; lastKnownFileType = sourcecode.c.h; path = Location.h; sourceTree = "<group>"; };
		F440A7431989714F00D057F6 /* Location.m */ = {isa = PBXFileReference; fileEncoding = 4; lastKnownFileType = sourcecode.c.objc; path = Location.m; sourceTree = "<group>"; };
		F47CB7121987D9CC00398293 /* DowntownAllianceHistory.app */ = {isa = PBXFileReference; explicitFileType = wrapper.application; includeInIndex = 0; path = DowntownAllianceHistory.app; sourceTree = BUILT_PRODUCTS_DIR; };
		F47CB7151987D9CC00398293 /* Foundation.framework */ = {isa = PBXFileReference; lastKnownFileType = wrapper.framework; name = Foundation.framework; path = System/Library/Frameworks/Foundation.framework; sourceTree = SDKROOT; };
		F47CB7171987D9CC00398293 /* CoreGraphics.framework */ = {isa = PBXFileReference; lastKnownFileType = wrapper.framework; name = CoreGraphics.framework; path = System/Library/Frameworks/CoreGraphics.framework; sourceTree = SDKROOT; };
		F47CB7191987D9CC00398293 /* UIKit.framework */ = {isa = PBXFileReference; lastKnownFileType = wrapper.framework; name = UIKit.framework; path = System/Library/Frameworks/UIKit.framework; sourceTree = SDKROOT; };
		F47CB71D1987D9CC00398293 /* DowntownAllianceHistory-Info.plist */ = {isa = PBXFileReference; lastKnownFileType = text.plist.xml; path = "DowntownAllianceHistory-Info.plist"; sourceTree = "<group>"; };
		F47CB71F1987D9CC00398293 /* en */ = {isa = PBXFileReference; lastKnownFileType = text.plist.strings; name = en; path = en.lproj/InfoPlist.strings; sourceTree = "<group>"; };
		F47CB7211987D9CC00398293 /* main.m */ = {isa = PBXFileReference; lastKnownFileType = sourcecode.c.objc; path = main.m; sourceTree = "<group>"; };
		F47CB7231987D9CC00398293 /* DowntownAllianceHistory-Prefix.pch */ = {isa = PBXFileReference; lastKnownFileType = sourcecode.c.h; path = "DowntownAllianceHistory-Prefix.pch"; sourceTree = "<group>"; };
		F47CB7241987D9CC00398293 /* DTAAppDelegate.h */ = {isa = PBXFileReference; lastKnownFileType = sourcecode.c.h; path = DTAAppDelegate.h; sourceTree = "<group>"; };
		F47CB7251987D9CC00398293 /* DTAAppDelegate.m */ = {isa = PBXFileReference; lastKnownFileType = sourcecode.c.objc; path = DTAAppDelegate.m; sourceTree = "<group>"; };
		F47CB7281987D9CC00398293 /* Base */ = {isa = PBXFileReference; lastKnownFileType = file.storyboard; name = Base; path = Base.lproj/Main.storyboard; sourceTree = "<group>"; };
		F47CB72A1987D9CC00398293 /* DTAMainMapViewController.h */ = {isa = PBXFileReference; lastKnownFileType = sourcecode.c.h; path = DTAMainMapViewController.h; sourceTree = "<group>"; };
		F47CB72B1987D9CC00398293 /* DTAMainMapViewController.m */ = {isa = PBXFileReference; lastKnownFileType = sourcecode.c.objc; path = DTAMainMapViewController.m; sourceTree = "<group>"; };
		F47CB72D1987D9CC00398293 /* Images.xcassets */ = {isa = PBXFileReference; lastKnownFileType = folder.assetcatalog; path = Images.xcassets; sourceTree = "<group>"; };
		F47CB7331987D9CD00398293 /* DowntownAllianceHistoryTests.xctest */ = {isa = PBXFileReference; explicitFileType = wrapper.cfbundle; includeInIndex = 0; path = DowntownAllianceHistoryTests.xctest; sourceTree = BUILT_PRODUCTS_DIR; };
		F47CB7341987D9CD00398293 /* XCTest.framework */ = {isa = PBXFileReference; lastKnownFileType = wrapper.framework; name = XCTest.framework; path = Library/Frameworks/XCTest.framework; sourceTree = DEVELOPER_DIR; };
		F47CB73C1987D9CD00398293 /* DowntownAllianceHistoryTests-Info.plist */ = {isa = PBXFileReference; lastKnownFileType = text.plist.xml; path = "DowntownAllianceHistoryTests-Info.plist"; sourceTree = "<group>"; };
		F47CB73E1987D9CD00398293 /* en */ = {isa = PBXFileReference; lastKnownFileType = text.plist.strings; name = en; path = en.lproj/InfoPlist.strings; sourceTree = "<group>"; };
		F47CB7401987D9CD00398293 /* DowntownAllianceHistoryTests.m */ = {isa = PBXFileReference; lastKnownFileType = sourcecode.c.objc; path = DowntownAllianceHistoryTests.m; sourceTree = "<group>"; };
		F47CB74C1987DBE300398293 /* COH_Coordinates.csv */ = {isa = PBXFileReference; fileEncoding = 4; lastKnownFileType = text; path = COH_Coordinates.csv; sourceTree = "<group>"; };
		F47CB7581987DE5E00398293 /* DTADataStore.h */ = {isa = PBXFileReference; fileEncoding = 4; lastKnownFileType = sourcecode.c.h; path = DTADataStore.h; sourceTree = "<group>"; };
		F47CB7591987DE5E00398293 /* DTADataStore.m */ = {isa = PBXFileReference; fileEncoding = 4; lastKnownFileType = sourcecode.c.objc; path = DTADataStore.m; sourceTree = "<group>"; };
		F47CB75E1987E09C00398293 /* DTADataFetchFromCSV.h */ = {isa = PBXFileReference; fileEncoding = 4; lastKnownFileType = sourcecode.c.h; path = DTADataFetchFromCSV.h; sourceTree = "<group>"; };
		F47CB75F1987E09C00398293 /* DTADataFetchFromCSV.m */ = {isa = PBXFileReference; fileEncoding = 4; lastKnownFileType = sourcecode.c.objc; path = DTADataFetchFromCSV.m; sourceTree = "<group>"; };
		F47CB77D198812EF00398293 /* DTADecadesViewController.h */ = {isa = PBXFileReference; fileEncoding = 4; lastKnownFileType = sourcecode.c.h; path = DTADecadesViewController.h; sourceTree = "<group>"; };
		F47CB77E198812EF00398293 /* DTADecadesViewController.m */ = {isa = PBXFileReference; fileEncoding = 4; lastKnownFileType = sourcecode.c.objc; path = DTADecadesViewController.m; sourceTree = "<group>"; };
		F4BB9A22198A922600956381 /* DTATimeRange.h */ = {isa = PBXFileReference; fileEncoding = 4; lastKnownFileType = sourcecode.c.h; path = DTATimeRange.h; sourceTree = "<group>"; };
		F4BB9A23198A922600956381 /* DTATimeRange.m */ = {isa = PBXFileReference; fileEncoding = 4; lastKnownFileType = sourcecode.c.objc; path = DTATimeRange.m; sourceTree = "<group>"; };
		F4BB9A25198A969B00956381 /* DTAManageTimeRanges.h */ = {isa = PBXFileReference; fileEncoding = 4; lastKnownFileType = sourcecode.c.h; path = DTAManageTimeRanges.h; sourceTree = "<group>"; };
		F4BB9A26198A969B00956381 /* DTAManageTimeRanges.m */ = {isa = PBXFileReference; fileEncoding = 4; lastKnownFileType = sourcecode.c.objc; path = DTAManageTimeRanges.m; sourceTree = "<group>"; };
/* End PBXFileReference section */

/* Begin PBXFrameworksBuildPhase section */
		F47CB70F1987D9CC00398293 /* Frameworks */ = {
			isa = PBXFrameworksBuildPhase;
			buildActionMask = 2147483647;
			files = (
				7771A4341987E9B100CD6BA8 /* MapKit.framework in Frameworks */,
				7771A4321987E9AC00CD6BA8 /* CoreLocation.framework in Frameworks */,
				F47CB7181987D9CC00398293 /* CoreGraphics.framework in Frameworks */,
				F47CB71A1987D9CC00398293 /* UIKit.framework in Frameworks */,
				F47CB7161987D9CC00398293 /* Foundation.framework in Frameworks */,
			);
			runOnlyForDeploymentPostprocessing = 0;
		};
		F47CB7301987D9CD00398293 /* Frameworks */ = {
			isa = PBXFrameworksBuildPhase;
			buildActionMask = 2147483647;
			files = (
				F47CB7351987D9CD00398293 /* XCTest.framework in Frameworks */,
				F47CB7371987D9CD00398293 /* UIKit.framework in Frameworks */,
				F47CB7361987D9CD00398293 /* Foundation.framework in Frameworks */,
			);
			runOnlyForDeploymentPostprocessing = 0;
		};
/* End PBXFrameworksBuildPhase section */

/* Begin PBXGroup section */
		F41C72E21989757800DD15DF /* Archive */ = {
			isa = PBXGroup;
			children = (
				F47CB77D198812EF00398293 /* DTADecadesViewController.h */,
				F47CB77E198812EF00398293 /* DTADecadesViewController.m */,
			);
			name = Archive;
			sourceTree = "<group>";
		};
		F47CB7091987D9CC00398293 = {
			isa = PBXGroup;
			children = (
				F47CB71B1987D9CC00398293 /* DowntownAllianceHistory */,
				F47CB73A1987D9CD00398293 /* DowntownAllianceHistoryTests */,
				F47CB7141987D9CC00398293 /* Frameworks */,
				F47CB7131987D9CC00398293 /* Products */,
			);
			sourceTree = "<group>";
		};
		F47CB7131987D9CC00398293 /* Products */ = {
			isa = PBXGroup;
			children = (
				F47CB7121987D9CC00398293 /* DowntownAllianceHistory.app */,
				F47CB7331987D9CD00398293 /* DowntownAllianceHistoryTests.xctest */,
			);
			name = Products;
			sourceTree = "<group>";
		};
		F47CB7141987D9CC00398293 /* Frameworks */ = {
			isa = PBXGroup;
			children = (
				7771A4331987E9B100CD6BA8 /* MapKit.framework */,
				7771A4311987E9AC00CD6BA8 /* CoreLocation.framework */,
				F47CB7151987D9CC00398293 /* Foundation.framework */,
				F47CB7171987D9CC00398293 /* CoreGraphics.framework */,
				F47CB7191987D9CC00398293 /* UIKit.framework */,
				F47CB7341987D9CD00398293 /* XCTest.framework */,
			);
			name = Frameworks;
			sourceTree = "<group>";
		};
		F47CB71B1987D9CC00398293 /* DowntownAllianceHistory */ = {
			isa = PBXGroup;
			children = (
				F47CB75C1987DE7600398293 /* Controllers */,
				F47CB75B1987DE7100398293 /* View */,
				F47CB7511987DD3000398293 /* Model */,
				F47CB75D1987DE8300398293 /* Other */,
				F47CB72D1987D9CC00398293 /* Images.xcassets */,
				F47CB71C1987D9CC00398293 /* Supporting Files */,
			);
			path = DowntownAllianceHistory;
			sourceTree = "<group>";
		};
		F47CB71C1987D9CC00398293 /* Supporting Files */ = {
			isa = PBXGroup;
			children = (
				F440A70319893CBC00D057F6 /* 1970s.jpg */,
				F440A70419893CBC00D057F6 /* Military.jpg */,
				F440A70519893CBC00D057F6 /* Culture.jpg */,
				F440A70619893CBC00D057F6 /* 1960s.gif */,
				F440A70719893CBC00D057F6 /* Science.jpg */,
				F440A70819893CBC00D057F6 /* 1920s.jpg */,
				F440A70919893CBC00D057F6 /* 2000s.jpg */,
				F440A70A19893CBC00D057F6 /* 1950s.jpg */,
				F440A70B19893CBC00D057F6 /* 1980s.png */,
				F440A70C19893CBC00D057F6 /* 1940s.jpg */,
				F440A70D19893CBC00D057F6 /* 1910s.jpg */,
				F440A70E19893CBC00D057F6 /* 1990s.jpg */,
				F440A70F19893CBC00D057F6 /* 1900s.jpg */,
				F440A71019893CBC00D057F6 /* 1930s.jpg */,
				F440A71119893CBC00D057F6 /* Sports.jpg */,
				F47CB74C1987DBE300398293 /* COH_Coordinates.csv */,
				F440A74019896EBF00D057F6 /* COH_Coordinates_with_sample_data.csv */,
				F47CB71D1987D9CC00398293 /* DowntownAllianceHistory-Info.plist */,
				F47CB71E1987D9CC00398293 /* InfoPlist.strings */,
				F47CB7211987D9CC00398293 /* main.m */,
				F47CB7231987D9CC00398293 /* DowntownAllianceHistory-Prefix.pch */,
			);
			name = "Supporting Files";
			sourceTree = "<group>";
		};
		F47CB73A1987D9CD00398293 /* DowntownAllianceHistoryTests */ = {
			isa = PBXGroup;
			children = (
				F47CB7401987D9CD00398293 /* DowntownAllianceHistoryTests.m */,
				F47CB73B1987D9CD00398293 /* Supporting Files */,
			);
			path = DowntownAllianceHistoryTests;
			sourceTree = "<group>";
		};
		F47CB73B1987D9CD00398293 /* Supporting Files */ = {
			isa = PBXGroup;
			children = (
				F47CB73C1987D9CD00398293 /* DowntownAllianceHistoryTests-Info.plist */,
				F47CB73D1987D9CD00398293 /* InfoPlist.strings */,
			);
			name = "Supporting Files";
			sourceTree = "<group>";
		};
		F47CB7511987DD3000398293 /* Model */ = {
			isa = PBXGroup;
			children = (
				F440A72B1989619900D057F6 /* DowntownAlliance.xcdatamodeld */,
				F47CB7581987DE5E00398293 /* DTADataStore.h */,
				F47CB7591987DE5E00398293 /* DTADataStore.m */,
				F4BB9A25198A969B00956381 /* DTAManageTimeRanges.h */,
				F4BB9A26198A969B00956381 /* DTAManageTimeRanges.m */,
				F47CB75E1987E09C00398293 /* DTADataFetchFromCSV.h */,
				F47CB75F1987E09C00398293 /* DTADataFetchFromCSV.m */,
				F440A7421989714F00D057F6 /* Location.h */,
				F440A7431989714F00D057F6 /* Location.m */,
				F440A73A1989656A00D057F6 /* Decade.h */,
				F440A73B1989656A00D057F6 /* Decade.m */,
				F440A7371989656A00D057F6 /* Theme.h */,
				F440A7381989656A00D057F6 /* Theme.m */,
				F47CB7581987DE5E00398293 /* DTADataStore.h */,
				F47CB7591987DE5E00398293 /* DTADataStore.m */,
				F47CB75E1987E09C00398293 /* DTADataFetchFromCSV.h */,
				F47CB75F1987E09C00398293 /* DTADataFetchFromCSV.m */,
				A48F73B3198A83E600274EB5 /* UITabBarController+hidableTab.h */,
				A48F73B4198A83E600274EB5 /* UITabBarController+hidableTab.m */,
			);
			name = Model;
			sourceTree = "<group>";
		};
		F47CB75B1987DE7100398293 /* View */ = {
			isa = PBXGroup;
			children = (
				F47CB7271987D9CC00398293 /* Main.storyboard */,
			);
			name = View;
			sourceTree = "<group>";
		};
		F47CB75C1987DE7600398293 /* Controllers */ = {
			isa = PBXGroup;
			children = (
				F47CB72A1987D9CC00398293 /* DTAMainMapViewController.h */,
				F47CB72B1987D9CC00398293 /* DTAMainMapViewController.m */,
				7771A43A1988162600CD6BA8 /* DTADetailViewController.h */,
				7771A43B1988162600CD6BA8 /* DTADetailViewController.m */,
				7749C4CA19896765009D1F23 /* DTADecadesTableViewController.h */,
				7749C4CB19896765009D1F23 /* DTADecadesTableViewController.m */,
				F41C72E319897B1300DD15DF /* DTACategoriesTableViewController.h */,
				F41C72E419897B1300DD15DF /* DTACategoriesTableViewController.m */,
				A42B281519892E8800DDB4F6 /* DTATableViewController.h */,
				A42B281619892E8800DDB4F6 /* DTATableViewController.m */,
				7749C4D019896D02009D1F23 /* DTAFilterCell.h */,
				7749C4D119896D02009D1F23 /* DTAFilterCell.m */,
				F4BB9A22198A922600956381 /* DTATimeRange.h */,
				F4BB9A23198A922600956381 /* DTATimeRange.m */,
			);
			name = Controllers;
			sourceTree = "<group>";
		};
		F47CB75D1987DE8300398293 /* Other */ = {
			isa = PBXGroup;
			children = (
				F41C72E21989757800DD15DF /* Archive */,
				F47CB7241987D9CC00398293 /* DTAAppDelegate.h */,
				F47CB7251987D9CC00398293 /* DTAAppDelegate.m */,
			);
			name = Other;
			sourceTree = "<group>";
		};
/* End PBXGroup section */

/* Begin PBXNativeTarget section */
		F47CB7111987D9CC00398293 /* DowntownAllianceHistory */ = {
			isa = PBXNativeTarget;
			buildConfigurationList = F47CB7441987D9CD00398293 /* Build configuration list for PBXNativeTarget "DowntownAllianceHistory" */;
			buildPhases = (
				F47CB70E1987D9CC00398293 /* Sources */,
				F47CB70F1987D9CC00398293 /* Frameworks */,
				F47CB7101987D9CC00398293 /* Resources */,
			);
			buildRules = (
			);
			dependencies = (
			);
			name = DowntownAllianceHistory;
			productName = DowntownAllianceHistory;
			productReference = F47CB7121987D9CC00398293 /* DowntownAllianceHistory.app */;
			productType = "com.apple.product-type.application";
		};
		F47CB7321987D9CD00398293 /* DowntownAllianceHistoryTests */ = {
			isa = PBXNativeTarget;
			buildConfigurationList = F47CB7471987D9CD00398293 /* Build configuration list for PBXNativeTarget "DowntownAllianceHistoryTests" */;
			buildPhases = (
				F47CB72F1987D9CD00398293 /* Sources */,
				F47CB7301987D9CD00398293 /* Frameworks */,
				F47CB7311987D9CD00398293 /* Resources */,
			);
			buildRules = (
			);
			dependencies = (
				F47CB7391987D9CD00398293 /* PBXTargetDependency */,
			);
			name = DowntownAllianceHistoryTests;
			productName = DowntownAllianceHistoryTests;
			productReference = F47CB7331987D9CD00398293 /* DowntownAllianceHistoryTests.xctest */;
			productType = "com.apple.product-type.bundle.unit-test";
		};
/* End PBXNativeTarget section */

/* Begin PBXProject section */
		F47CB70A1987D9CC00398293 /* Project object */ = {
			isa = PBXProject;
			attributes = {
				CLASSPREFIX = DTA;
				LastUpgradeCheck = 0510;
				TargetAttributes = {
					F47CB7321987D9CD00398293 = {
						TestTargetID = F47CB7111987D9CC00398293;
					};
				};
			};
			buildConfigurationList = F47CB70D1987D9CC00398293 /* Build configuration list for PBXProject "DowntownAllianceHistory" */;
			compatibilityVersion = "Xcode 3.2";
			developmentRegion = English;
			hasScannedForEncodings = 0;
			knownRegions = (
				en,
				Base,
			);
			mainGroup = F47CB7091987D9CC00398293;
			productRefGroup = F47CB7131987D9CC00398293 /* Products */;
			projectDirPath = "";
			projectRoot = "";
			targets = (
				F47CB7111987D9CC00398293 /* DowntownAllianceHistory */,
				F47CB7321987D9CD00398293 /* DowntownAllianceHistoryTests */,
			);
		};
/* End PBXProject section */

/* Begin PBXResourcesBuildPhase section */
		F47CB7101987D9CC00398293 /* Resources */ = {
			isa = PBXResourcesBuildPhase;
			buildActionMask = 2147483647;
			files = (
				F440A71519893CBC00D057F6 /* 1960s.gif in Resources */,
				F440A71A19893CBC00D057F6 /* 1980s.png in Resources */,
				F440A71719893CBC00D057F6 /* 1920s.jpg in Resources */,
				F440A71619893CBC00D057F6 /* Science.jpg in Resources */,
				F47CB72E1987D9CC00398293 /* Images.xcassets in Resources */,
				F440A71219893CBC00D057F6 /* 1970s.jpg in Resources */,
				F440A71F19893CBC00D057F6 /* 1930s.jpg in Resources */,
				F440A71C19893CBC00D057F6 /* 1910s.jpg in Resources */,
				F440A71319893CBC00D057F6 /* Military.jpg in Resources */,
				F440A71919893CBC00D057F6 /* 1950s.jpg in Resources */,
				F440A71819893CBC00D057F6 /* 2000s.jpg in Resources */,
				F440A71B19893CBC00D057F6 /* 1940s.jpg in Resources */,
				F440A71E19893CBC00D057F6 /* 1900s.jpg in Resources */,
				F47CB74D1987DBE300398293 /* COH_Coordinates.csv in Resources */,
				F440A72019893CBC00D057F6 /* Sports.jpg in Resources */,
				F47CB7201987D9CC00398293 /* InfoPlist.strings in Resources */,
				F47CB7291987D9CC00398293 /* Main.storyboard in Resources */,
				F440A71D19893CBC00D057F6 /* 1990s.jpg in Resources */,
				F440A71419893CBC00D057F6 /* Culture.jpg in Resources */,
				F440A74119896EBF00D057F6 /* COH_Coordinates_with_sample_data.csv in Resources */,
			);
			runOnlyForDeploymentPostprocessing = 0;
		};
		F47CB7311987D9CD00398293 /* Resources */ = {
			isa = PBXResourcesBuildPhase;
			buildActionMask = 2147483647;
			files = (
				F47CB73F1987D9CD00398293 /* InfoPlist.strings in Resources */,
			);
			runOnlyForDeploymentPostprocessing = 0;
		};
/* End PBXResourcesBuildPhase section */

/* Begin PBXSourcesBuildPhase section */
		F47CB70E1987D9CC00398293 /* Sources */ = {
			isa = PBXSourcesBuildPhase;
			buildActionMask = 2147483647;
			files = (
				F47CB7261987D9CC00398293 /* DTAAppDelegate.m in Sources */,
				F440A73C1989656A00D057F6 /* Decade.m in Sources */,
				F47CB75A1987DE5E00398293 /* DTADataStore.m in Sources */,
				A48F73B5198A83E600274EB5 /* UITabBarController+hidableTab.m in Sources */,
				F47CB72C1987D9CC00398293 /* DTAMainMapViewController.m in Sources */,
				7749C4D219896D02009D1F23 /* DTAFilterCell.m in Sources */,
				F440A7391989656A00D057F6 /* Theme.m in Sources */,
				F47CB7221987D9CC00398293 /* main.m in Sources */,
				F47CB77F198812EF00398293 /* DTADecadesViewController.m in Sources */,
				A42B281719892E8800DDB4F6 /* DTATableViewController.m in Sources */,
				F47CB7601987E09C00398293 /* DTADataFetchFromCSV.m in Sources */,
				F440A72D1989619900D057F6 /* DowntownAlliance.xcdatamodeld in Sources */,
				F41C72E519897B1300DD15DF /* DTACategoriesTableViewController.m in Sources */,
				F440A7441989714F00D057F6 /* Location.m in Sources */,
				7771A43C1988162600CD6BA8 /* DTADetailViewController.m in Sources */,
				F4BB9A27198A969B00956381 /* DTAManageTimeRanges.m in Sources */,
				F4BB9A24198A922600956381 /* DTATimeRange.m in Sources */,
				7749C4CC19896765009D1F23 /* DTADecadesTableViewController.m in Sources */,
			);
			runOnlyForDeploymentPostprocessing = 0;
		};
		F47CB72F1987D9CD00398293 /* Sources */ = {
			isa = PBXSourcesBuildPhase;
			buildActionMask = 2147483647;
			files = (
				F47CB7411987D9CD00398293 /* DowntownAllianceHistoryTests.m in Sources */,
			);
			runOnlyForDeploymentPostprocessing = 0;
		};
/* End PBXSourcesBuildPhase section */

/* Begin PBXTargetDependency section */
		F47CB7391987D9CD00398293 /* PBXTargetDependency */ = {
			isa = PBXTargetDependency;
			target = F47CB7111987D9CC00398293 /* DowntownAllianceHistory */;
			targetProxy = F47CB7381987D9CD00398293 /* PBXContainerItemProxy */;
		};
/* End PBXTargetDependency section */

/* Begin PBXVariantGroup section */
		F47CB71E1987D9CC00398293 /* InfoPlist.strings */ = {
			isa = PBXVariantGroup;
			children = (
				F47CB71F1987D9CC00398293 /* en */,
			);
			name = InfoPlist.strings;
			sourceTree = "<group>";
		};
		F47CB7271987D9CC00398293 /* Main.storyboard */ = {
			isa = PBXVariantGroup;
			children = (
				F47CB7281987D9CC00398293 /* Base */,
			);
			name = Main.storyboard;
			sourceTree = "<group>";
		};
		F47CB73D1987D9CD00398293 /* InfoPlist.strings */ = {
			isa = PBXVariantGroup;
			children = (
				F47CB73E1987D9CD00398293 /* en */,
			);
			name = InfoPlist.strings;
			sourceTree = "<group>";
		};
/* End PBXVariantGroup section */

/* Begin XCBuildConfiguration section */
		F47CB7421987D9CD00398293 /* Debug */ = {
			isa = XCBuildConfiguration;
			buildSettings = {
				ALWAYS_SEARCH_USER_PATHS = NO;
				CLANG_CXX_LANGUAGE_STANDARD = "gnu++0x";
				CLANG_CXX_LIBRARY = "libc++";
				CLANG_ENABLE_MODULES = YES;
				CLANG_ENABLE_OBJC_ARC = YES;
				CLANG_WARN_BOOL_CONVERSION = YES;
				CLANG_WARN_CONSTANT_CONVERSION = YES;
				CLANG_WARN_DIRECT_OBJC_ISA_USAGE = YES_ERROR;
				CLANG_WARN_EMPTY_BODY = YES;
				CLANG_WARN_ENUM_CONVERSION = YES;
				CLANG_WARN_INT_CONVERSION = YES;
				CLANG_WARN_OBJC_ROOT_CLASS = YES_ERROR;
				CLANG_WARN__DUPLICATE_METHOD_MATCH = YES;
				"CODE_SIGN_IDENTITY[sdk=iphoneos*]" = "iPhone Developer";
				COPY_PHASE_STRIP = NO;
				GCC_C_LANGUAGE_STANDARD = gnu99;
				GCC_DYNAMIC_NO_PIC = NO;
				GCC_OPTIMIZATION_LEVEL = 0;
				GCC_PREPROCESSOR_DEFINITIONS = (
					"DEBUG=1",
					"$(inherited)",
				);
				GCC_SYMBOLS_PRIVATE_EXTERN = NO;
				GCC_WARN_64_TO_32_BIT_CONVERSION = YES;
				GCC_WARN_ABOUT_RETURN_TYPE = YES_ERROR;
				GCC_WARN_UNDECLARED_SELECTOR = YES;
				GCC_WARN_UNINITIALIZED_AUTOS = YES_AGGRESSIVE;
				GCC_WARN_UNUSED_FUNCTION = YES;
				GCC_WARN_UNUSED_VARIABLE = YES;
				IPHONEOS_DEPLOYMENT_TARGET = 7.1;
				ONLY_ACTIVE_ARCH = YES;
				SDKROOT = iphoneos;
			};
			name = Debug;
		};
		F47CB7431987D9CD00398293 /* Release */ = {
			isa = XCBuildConfiguration;
			buildSettings = {
				ALWAYS_SEARCH_USER_PATHS = NO;
				CLANG_CXX_LANGUAGE_STANDARD = "gnu++0x";
				CLANG_CXX_LIBRARY = "libc++";
				CLANG_ENABLE_MODULES = YES;
				CLANG_ENABLE_OBJC_ARC = YES;
				CLANG_WARN_BOOL_CONVERSION = YES;
				CLANG_WARN_CONSTANT_CONVERSION = YES;
				CLANG_WARN_DIRECT_OBJC_ISA_USAGE = YES_ERROR;
				CLANG_WARN_EMPTY_BODY = YES;
				CLANG_WARN_ENUM_CONVERSION = YES;
				CLANG_WARN_INT_CONVERSION = YES;
				CLANG_WARN_OBJC_ROOT_CLASS = YES_ERROR;
				CLANG_WARN__DUPLICATE_METHOD_MATCH = YES;
				"CODE_SIGN_IDENTITY[sdk=iphoneos*]" = "iPhone Developer";
				COPY_PHASE_STRIP = YES;
				ENABLE_NS_ASSERTIONS = NO;
				GCC_C_LANGUAGE_STANDARD = gnu99;
				GCC_WARN_64_TO_32_BIT_CONVERSION = YES;
				GCC_WARN_ABOUT_RETURN_TYPE = YES_ERROR;
				GCC_WARN_UNDECLARED_SELECTOR = YES;
				GCC_WARN_UNINITIALIZED_AUTOS = YES_AGGRESSIVE;
				GCC_WARN_UNUSED_FUNCTION = YES;
				GCC_WARN_UNUSED_VARIABLE = YES;
				IPHONEOS_DEPLOYMENT_TARGET = 7.1;
				SDKROOT = iphoneos;
				VALIDATE_PRODUCT = YES;
			};
			name = Release;
		};
		F47CB7451987D9CD00398293 /* Debug */ = {
			isa = XCBuildConfiguration;
			buildSettings = {
				ASSETCATALOG_COMPILER_APPICON_NAME = AppIcon;
				ASSETCATALOG_COMPILER_LAUNCHIMAGE_NAME = LaunchImage;
				GCC_PRECOMPILE_PREFIX_HEADER = YES;
				GCC_PREFIX_HEADER = "DowntownAllianceHistory/DowntownAllianceHistory-Prefix.pch";
				INFOPLIST_FILE = "DowntownAllianceHistory/DowntownAllianceHistory-Info.plist";
				PRODUCT_NAME = "$(TARGET_NAME)";
				WRAPPER_EXTENSION = app;
			};
			name = Debug;
		};
		F47CB7461987D9CD00398293 /* Release */ = {
			isa = XCBuildConfiguration;
			buildSettings = {
				ASSETCATALOG_COMPILER_APPICON_NAME = AppIcon;
				ASSETCATALOG_COMPILER_LAUNCHIMAGE_NAME = LaunchImage;
				GCC_PRECOMPILE_PREFIX_HEADER = YES;
				GCC_PREFIX_HEADER = "DowntownAllianceHistory/DowntownAllianceHistory-Prefix.pch";
				INFOPLIST_FILE = "DowntownAllianceHistory/DowntownAllianceHistory-Info.plist";
				PRODUCT_NAME = "$(TARGET_NAME)";
				WRAPPER_EXTENSION = app;
			};
			name = Release;
		};
		F47CB7481987D9CD00398293 /* Debug */ = {
			isa = XCBuildConfiguration;
			buildSettings = {
				BUNDLE_LOADER = "$(BUILT_PRODUCTS_DIR)/DowntownAllianceHistory.app/DowntownAllianceHistory";
				FRAMEWORK_SEARCH_PATHS = (
					"$(SDKROOT)/Developer/Library/Frameworks",
					"$(inherited)",
					"$(DEVELOPER_FRAMEWORKS_DIR)",
				);
				GCC_PRECOMPILE_PREFIX_HEADER = YES;
				GCC_PREFIX_HEADER = "DowntownAllianceHistory/DowntownAllianceHistory-Prefix.pch";
				GCC_PREPROCESSOR_DEFINITIONS = (
					"DEBUG=1",
					"$(inherited)",
				);
				INFOPLIST_FILE = "DowntownAllianceHistoryTests/DowntownAllianceHistoryTests-Info.plist";
				PRODUCT_NAME = "$(TARGET_NAME)";
				TEST_HOST = "$(BUNDLE_LOADER)";
				WRAPPER_EXTENSION = xctest;
			};
			name = Debug;
		};
		F47CB7491987D9CD00398293 /* Release */ = {
			isa = XCBuildConfiguration;
			buildSettings = {
				BUNDLE_LOADER = "$(BUILT_PRODUCTS_DIR)/DowntownAllianceHistory.app/DowntownAllianceHistory";
				FRAMEWORK_SEARCH_PATHS = (
					"$(SDKROOT)/Developer/Library/Frameworks",
					"$(inherited)",
					"$(DEVELOPER_FRAMEWORKS_DIR)",
				);
				GCC_PRECOMPILE_PREFIX_HEADER = YES;
				GCC_PREFIX_HEADER = "DowntownAllianceHistory/DowntownAllianceHistory-Prefix.pch";
				INFOPLIST_FILE = "DowntownAllianceHistoryTests/DowntownAllianceHistoryTests-Info.plist";
				PRODUCT_NAME = "$(TARGET_NAME)";
				TEST_HOST = "$(BUNDLE_LOADER)";
				WRAPPER_EXTENSION = xctest;
			};
			name = Release;
		};
/* End XCBuildConfiguration section */

/* Begin XCConfigurationList section */
		F47CB70D1987D9CC00398293 /* Build configuration list for PBXProject "DowntownAllianceHistory" */ = {
			isa = XCConfigurationList;
			buildConfigurations = (
				F47CB7421987D9CD00398293 /* Debug */,
				F47CB7431987D9CD00398293 /* Release */,
			);
			defaultConfigurationIsVisible = 0;
			defaultConfigurationName = Release;
		};
		F47CB7441987D9CD00398293 /* Build configuration list for PBXNativeTarget "DowntownAllianceHistory" */ = {
			isa = XCConfigurationList;
			buildConfigurations = (
				F47CB7451987D9CD00398293 /* Debug */,
				F47CB7461987D9CD00398293 /* Release */,
			);
			defaultConfigurationIsVisible = 0;
			defaultConfigurationName = Release;
		};
		F47CB7471987D9CD00398293 /* Build configuration list for PBXNativeTarget "DowntownAllianceHistoryTests" */ = {
			isa = XCConfigurationList;
			buildConfigurations = (
				F47CB7481987D9CD00398293 /* Debug */,
				F47CB7491987D9CD00398293 /* Release */,
			);
			defaultConfigurationIsVisible = 0;
			defaultConfigurationName = Release;
		};
/* End XCConfigurationList section */

/* Begin XCVersionGroup section */
		F440A72B1989619900D057F6 /* DowntownAlliance.xcdatamodeld */ = {
			isa = XCVersionGroup;
			children = (
				F440A72C1989619900D057F6 /* DowntownAlliance.xcdatamodel */,
			);
			currentVersion = F440A72C1989619900D057F6 /* DowntownAlliance.xcdatamodel */;
			path = DowntownAlliance.xcdatamodeld;
			sourceTree = "<group>";
			versionGroupType = wrapper.xcdatamodel;
		};
/* End XCVersionGroup section */
	};
	rootObject = F47CB70A1987D9CC00398293 /* Project object */;
}
